
Microsoft Visual Studio Solution File, Format Version 12.00
# Visual Studio Version 17
VisualStudioVersion = 17.10.35201.131
MinimumVisualStudioVersion = 10.0.40219.1
Project("{FAE04EC0-301F-11D3-BF4B-00C04F79EFBC}") = "Onatrix", "Onatrix\Onatrix.csproj", "{765903A0-3113-405F-A0FC-1F7FBE61AC36}"
EndProject
Global
	GlobalSection(SolutionConfigurationPlatforms) = preSolution
		Debug|Any CPU = Debug|Any CPU
		Release|Any CPU = Release|Any CPU
	EndGlobalSection
	GlobalSection(ProjectConfigurationPlatforms) = postSolution
		{765903A0-3113-405F-A0FC-1F7FBE61AC36}.Debug|Any CPU.ActiveCfg = Debug|Any CPU
		{765903A0-3113-405F-A0FC-1F7FBE61AC36}.Debug|Any CPU.Build.0 = Debug|Any CPU
		{765903A0-3113-405F-A0FC-1F7FBE61AC36}.Release|Any CPU.ActiveCfg = Release|Any CPU
		{765903A0-3113-405F-A0FC-1F7FBE61AC36}.Release|Any CPU.Build.0 = Release|Any CPU
	EndGlobalSection
	GlobalSection(SolutionProperties) = preSolution
		HideSolutionNode = FALSE
	EndGlobalSection
	GlobalSection(ExtensibilityGlobals) = postSolution
		SolutionGuid = {D8636941-C20F-4708-BC80-E4B4A45A4708}
	EndGlobalSection
EndGlobal
